{
  "version": "4",
  "specifiers": {
    "jsr:@luca/esbuild-deno-loader@~0.11.1": "0.11.1",
    "jsr:@std/assert@*": "1.0.11",
    "jsr:@std/bytes@^1.0.2": "1.0.5",
    "jsr:@std/encoding@^1.0.5": "1.0.7",
    "jsr:@std/internal@^1.0.5": "1.0.5",
    "jsr:@std/path@^1.0.6": "1.0.8",
    "npm:@changesets/cli@^2.26.2": "2.27.12"
  },
  "jsr": {
    "@luca/esbuild-deno-loader@0.11.1": {
      "integrity": "dc020d16d75b591f679f6b9288b10f38bdb4f24345edb2f5732affa1d9885267",
      "dependencies": [
        "jsr:@std/bytes",
        "jsr:@std/encoding",
        "jsr:@std/path"
      ]
    },
    "@std/assert@1.0.11": {
      "integrity": "2461ef3c368fe88bc60e186e7744a93112f16fd110022e113a0849e94d1c83c1",
      "dependencies": [
        "jsr:@std/internal"
      ]
    },
    "@std/bytes@1.0.5": {
      "integrity": "4465dd739d7963d964c809202ebea6d5c6b8e3829ef25c6a224290fbb8a1021e"
    },
    "@std/encoding@1.0.7": {
      "integrity": "f631247c1698fef289f2de9e2a33d571e46133b38d042905e3eac3715030a82d"
    },
    "@std/internal@1.0.5": {
      "integrity": "54a546004f769c1ac9e025abd15a76b6671ddc9687e2313b67376125650dc7ba"
    },
    "@std/path@1.0.8": {
      "integrity": "548fa456bb6a04d3c1a1e7477986b6cffbce95102d0bb447c67c4ee70e0364be"
    }
  },
  "npm": {
    "@babel/runtime@7.26.7": {
      "integrity": "sha512-AOPI3D+a8dXnja+iwsUqGRjr1BbZIe771sXdapOtYI531gSqpi92vXivKcq2asu/DFpdl1ceFAKZyRzK2PCVcQ==",
      "dependencies": [
        "regenerator-runtime"
      ]
    },
    "@changesets/apply-release-plan@7.0.8": {
      "integrity": "sha512-qjMUj4DYQ1Z6qHawsn7S71SujrExJ+nceyKKyI9iB+M5p9lCL55afuEd6uLBPRpLGWQwkwvWegDHtwHJb1UjpA==",
      "dependencies": [
        "@changesets/config",
        "@changesets/get-version-range-type",
        "@changesets/git",
        "@changesets/should-skip-package",
        "@changesets/types@6.0.0",
        "@manypkg/get-packages",
        "detect-indent",
        "fs-extra@7.0.1",
        "lodash.startcase",
        "outdent",
        "prettier",
        "resolve-from",
        "semver"
      ]
    },
    "@changesets/assemble-release-plan@6.0.5": {
      "integrity": "sha512-IgvBWLNKZd6k4t72MBTBK3nkygi0j3t3zdC1zrfusYo0KpdsvnDjrMM9vPnTCLCMlfNs55jRL4gIMybxa64FCQ==",
      "dependencies": [
        "@changesets/errors",
        "@changesets/get-dependents-graph",
        "@changesets/should-skip-package",
        "@changesets/types@6.0.0",
        "@manypkg/get-packages",
        "semver"
      ]
    },
    "@changesets/changelog-git@0.2.0": {
      "integrity": "sha512-bHOx97iFI4OClIT35Lok3sJAwM31VbUM++gnMBV16fdbtBhgYu4dxsphBF/0AZZsyAHMrnM0yFcj5gZM1py6uQ==",
      "dependencies": [
        "@changesets/types@6.0.0"
      ]
    },
    "@changesets/cli@2.27.12": {
      "integrity": "sha512-9o3fOfHYOvBnyEn0mcahB7wzaA3P4bGJf8PNqGit5PKaMEFdsRixik+txkrJWd2VX+O6wRFXpxQL8j/1ANKE9g==",
      "dependencies": [
        "@changesets/apply-release-plan",
        "@changesets/assemble-release-plan",
        "@changesets/changelog-git",
        "@changesets/config",
        "@changesets/errors",
        "@changesets/get-dependents-graph",
        "@changesets/get-release-plan",
        "@changesets/git",
        "@changesets/logger",
        "@changesets/pre",
        "@changesets/read",
        "@changesets/should-skip-package",
        "@changesets/types@6.0.0",
        "@changesets/write",
        "@manypkg/get-packages",
        "ansi-colors",
        "ci-info",
        "enquirer",
        "external-editor",
        "fs-extra@7.0.1",
        "mri",
        "p-limit",
        "package-manager-detector",
        "picocolors",
        "resolve-from",
        "semver",
        "spawndamnit",
        "term-size"
      ]
    },
    "@changesets/config@3.0.5": {
      "integrity": "sha512-QyXLSSd10GquX7hY0Mt4yQFMEeqnO5z/XLpbIr4PAkNNoQNKwDyiSrx4yd749WddusH1v3OSiA0NRAYmH/APpQ==",
      "dependencies": [
        "@changesets/errors",
        "@changesets/get-dependents-graph",
        "@changesets/logger",
        "@changesets/types@6.0.0",
        "@manypkg/get-packages",
        "fs-extra@7.0.1",
        "micromatch"
      ]
    },
    "@changesets/errors@0.2.0": {
      "integrity": "sha512-6BLOQUscTpZeGljvyQXlWOItQyU71kCdGz7Pi8H8zdw6BI0g3m43iL4xKUVPWtG+qrrL9DTjpdn8eYuCQSRpow==",
      "dependencies": [
        "extendable-error"
      ]
    },
    "@changesets/get-dependents-graph@2.1.2": {
      "integrity": "sha512-sgcHRkiBY9i4zWYBwlVyAjEM9sAzs4wYVwJUdnbDLnVG3QwAaia1Mk5P8M7kraTOZN+vBET7n8KyB0YXCbFRLQ==",
      "dependencies": [
        "@changesets/types@6.0.0",
        "@manypkg/get-packages",
        "picocolors",
        "semver"
      ]
    },
    "@changesets/get-release-plan@4.0.6": {
      "integrity": "sha512-FHRwBkY7Eili04Y5YMOZb0ezQzKikTka4wL753vfUA5COSebt7KThqiuCN9BewE4/qFGgF/5t3AuzXx1/UAY4w==",
      "dependencies": [
        "@changesets/assemble-release-plan",
        "@changesets/config",
        "@changesets/pre",
        "@changesets/read",
        "@changesets/types@6.0.0",
        "@manypkg/get-packages"
      ]
    },
    "@changesets/get-version-range-type@0.4.0": {
      "integrity": "sha512-hwawtob9DryoGTpixy1D3ZXbGgJu1Rhr+ySH2PvTLHvkZuQ7sRT4oQwMh0hbqZH1weAooedEjRsbrWcGLCeyVQ=="
    },
    "@changesets/git@3.0.2": {
      "integrity": "sha512-r1/Kju9Y8OxRRdvna+nxpQIsMsRQn9dhhAZt94FLDeu0Hij2hnOozW8iqnHBgvu+KdnJppCveQwK4odwfw/aWQ==",
      "dependencies": [
        "@changesets/errors",
        "@manypkg/get-packages",
        "is-subdir",
        "micromatch",
        "spawndamnit"
      ]
    },
    "@changesets/logger@0.1.1": {
      "integrity": "sha512-OQtR36ZlnuTxKqoW4Sv6x5YIhOmClRd5pWsjZsddYxpWs517R0HkyiefQPIytCVh4ZcC5x9XaG8KTdd5iRQUfg==",
      "dependencies": [
        "picocolors"
      ]
    },
    "@changesets/parse@0.4.0": {
      "integrity": "sha512-TS/9KG2CdGXS27S+QxbZXgr8uPsP4yNJYb4BC2/NeFUj80Rni3TeD2qwWmabymxmrLo7JEsytXH1FbpKTbvivw==",
      "dependencies": [
        "@changesets/types@6.0.0",
        "js-yaml"
      ]
    },
    "@changesets/pre@2.0.1": {
      "integrity": "sha512-vvBJ/If4jKM4tPz9JdY2kGOgWmCowUYOi5Ycv8dyLnEE8FgpYYUo1mgJZxcdtGGP3aG8rAQulGLyyXGSLkIMTQ==",
      "dependencies": [
        "@changesets/errors",
        "@changesets/types@6.0.0",
        "@manypkg/get-packages",
        "fs-extra@7.0.1"
      ]
    },
    "@changesets/read@0.6.2": {
      "integrity": "sha512-wjfQpJvryY3zD61p8jR87mJdyx2FIhEcdXhKUqkja87toMrP/3jtg/Yg29upN+N4Ckf525/uvV7a4tzBlpk6gg==",
      "dependencies": [
        "@changesets/git",
        "@changesets/logger",
        "@changesets/parse",
        "@changesets/types@6.0.0",
        "fs-extra@7.0.1",
        "p-filter",
        "picocolors"
      ]
    },
    "@changesets/should-skip-package@0.1.1": {
      "integrity": "sha512-H9LjLbF6mMHLtJIc/eHR9Na+MifJ3VxtgP/Y+XLn4BF7tDTEN1HNYtH6QMcjP1uxp9sjaFYmW8xqloaCi/ckTg==",
      "dependencies": [
        "@changesets/types@6.0.0",
        "@manypkg/get-packages"
      ]
    },
    "@changesets/types@4.1.0": {
      "integrity": "sha512-LDQvVDv5Kb50ny2s25Fhm3d9QSZimsoUGBsUioj6MC3qbMUCuC8GPIvk/M6IvXx3lYhAs0lwWUQLb+VIEUCECw=="
    },
    "@changesets/types@6.0.0": {
      "integrity": "sha512-b1UkfNulgKoWfqyHtzKS5fOZYSJO+77adgL7DLRDr+/7jhChN+QcHnbjiQVOz/U+Ts3PGNySq7diAItzDgugfQ=="
    },
    "@changesets/write@0.3.2": {
      "integrity": "sha512-kDxDrPNpUgsjDbWBvUo27PzKX4gqeKOlhibaOXDJA6kuBisGqNHv/HwGJrAu8U/dSf8ZEFIeHIPtvSlZI1kULw==",
      "dependencies": [
        "@changesets/types@6.0.0",
        "fs-extra@7.0.1",
        "human-id",
        "prettier"
      ]
    },
    "@manypkg/find-root@1.1.0": {
      "integrity": "sha512-mki5uBvhHzO8kYYix/WRy2WX8S3B5wdVSc9D6KcU5lQNglP2yt58/VfLuAK49glRXChosY8ap2oJ1qgma3GUVA==",
      "dependencies": [
        "@babel/runtime",
        "@types/node",
        "find-up",
        "fs-extra@8.1.0"
      ]
    },
    "@manypkg/get-packages@1.1.3": {
      "integrity": "sha512-fo+QhuU3qE/2TQMQmbVMqaQ6EWbMhi4ABWP+O4AM1NqPBuy0OrApV5LO6BrrgnhtAHS2NH6RrVk9OL181tTi8A==",
      "dependencies": [
        "@babel/runtime",
        "@changesets/types@4.1.0",
        "@manypkg/find-root",
        "fs-extra@8.1.0",
        "globby",
        "read-yaml-file"
      ]
    },
    "@nodelib/fs.scandir@2.1.5": {
      "integrity": "sha512-vq24Bq3ym5HEQm2NKCr3yXDwjc7vTsEThRDnkp2DK9p1uqLR+DHurm/NOTo0KG7HYHU7eppKZj3MyqYuMBf62g==",
      "dependencies": [
        "@nodelib/fs.stat",
        "run-parallel"
      ]
    },
    "@nodelib/fs.stat@2.0.5": {
      "integrity": "sha512-RkhPPp2zrqDAQA/2jNhnztcPAlv64XdhIp7a7454A5ovI7Bukxgt7MX7udwAu3zg1DcpPU0rz3VV1SeaqvY4+A=="
    },
    "@nodelib/fs.walk@1.2.8": {
      "integrity": "sha512-oGB+UxlgWcgQkgwo8GcEGwemoTFt3FIO9ababBmaGwXIoBKZ+GTy0pP185beGg7Llih/NSHSV2XAs1lnznocSg==",
      "dependencies": [
        "@nodelib/fs.scandir",
        "fastq"
      ]
    },
    "@types/node@12.20.55": {
      "integrity": "sha512-J8xLz7q2OFulZ2cyGTLE1TbbZcjpno7FaN6zdJNrgAdrJ+DZzh/uFR6YrTb4C+nXakvud8Q4+rbhoIWlYQbUFQ=="
    },
    "ansi-colors@4.1.3": {
      "integrity": "sha512-/6w/C21Pm1A7aZitlI5Ni/2J6FFQN8i1Cvz3kHABAAbw93v/NlvKdVOqz7CCWz/3iv/JplRSEEZ83XION15ovw=="
    },
    "ansi-regex@5.0.1": {
      "integrity": "sha512-quJQXlTSUGL2LH9SUXo8VwsY4soanhgo6LNSm84E1LBcE8s3O0wpdiRzyR9z/ZZJMlMWv37qOOb9pdJlMUEKFQ=="
    },
    "argparse@1.0.10": {
      "integrity": "sha512-o5Roy6tNG4SL/FOkCAN6RzjiakZS25RLYFrcMttJqbdd8BWrnA+fGz57iN5Pb06pvBGvl5gQ0B48dJlslXvoTg==",
      "dependencies": [
        "sprintf-js"
      ]
    },
    "array-union@2.1.0": {
      "integrity": "sha512-HGyxoOTYUyCM6stUe6EJgnd4EoewAI7zMdfqO+kGjnlZmBDz/cR5pf8r/cR4Wq60sL/p0IkcjUEEPwS3GFrIyw=="
    },
    "better-path-resolve@1.0.0": {
      "integrity": "sha512-pbnl5XzGBdrFU/wT4jqmJVPn2B6UHPBOhzMQkY/SPUPB6QtUXtmBHBIwCbXJol93mOpGMnQyP/+BB19q04xj7g==",
      "dependencies": [
        "is-windows"
      ]
    },
    "braces@3.0.3": {
      "integrity": "sha512-yQbXgO/OSZVD2IsiLlro+7Hf6Q18EJrKSEsdoMzKePKXct3gvD8oLcOQdIzGupr5Fj+EDe8gO/lxc1BzfMpxvA==",
      "dependencies": [
        "fill-range"
      ]
    },
    "chardet@0.7.0": {
      "integrity": "sha512-mT8iDcrh03qDGRRmoA2hmBJnxpllMR+0/0qlzjqZES6NdiWDcZkCNAk4rPFZ9Q85r27unkiNNg8ZOiwZXBHwcA=="
    },
    "ci-info@3.9.0": {
      "integrity": "sha512-NIxF55hv4nSqQswkAeiOi1r83xy8JldOFDTWiug55KBu9Jnblncd2U6ViHmYgHf01TPZS77NJBhBMKdWj9HQMQ=="
    },
    "cross-spawn@7.0.6": {
      "integrity": "sha512-uV2QOWP2nWzsy2aMp8aRibhi9dlzF5Hgh5SHaB9OiTGEyDTiJJyx0uy51QXdyWbtAHNua4XJzUKca3OzKUd3vA==",
      "dependencies": [
        "path-key",
        "shebang-command",
        "which"
      ]
    },
    "detect-indent@6.1.0": {
      "integrity": "sha512-reYkTUJAZb9gUuZ2RvVCNhVHdg62RHnJ7WJl8ftMi4diZ6NWlciOzQN88pUhSELEwflJht4oQDv0F0BMlwaYtA=="
    },
    "dir-glob@3.0.1": {
      "integrity": "sha512-WkrWp9GR4KXfKGYzOLmTuGVi1UWFfws377n9cc55/tb6DuqyF6pcQ5AbiHEshaDpY9v6oaSr2XCDidGmMwdzIA==",
      "dependencies": [
        "path-type"
      ]
    },
    "enquirer@2.4.1": {
      "integrity": "sha512-rRqJg/6gd538VHvR3PSrdRBb/1Vy2YfzHqzvbhGIQpDRKIa4FgV/54b5Q1xYSxOOwKvjXweS26E0Q+nAMwp2pQ==",
      "dependencies": [
        "ansi-colors",
        "strip-ansi"
      ]
    },
    "esprima@4.0.1": {
      "integrity": "sha512-eGuFFw7Upda+g4p+QHvnW0RyTX/SVeJBDM/gCtMARO0cLuT2HcEKnTPvhjV6aGeqrCB/sbNop0Kszm0jsaWU4A=="
    },
    "extendable-error@0.1.7": {
      "integrity": "sha512-UOiS2in6/Q0FK0R0q6UY9vYpQ21mr/Qn1KOnte7vsACuNJf514WvCCUHSRCPcgjPT2bAhNIJdlE6bVap1GKmeg=="
    },
    "external-editor@3.1.0": {
      "integrity": "sha512-hMQ4CX1p1izmuLYyZqLMO/qGNw10wSv9QDCPfzXfyFrOaCSSoRfqE1Kf1s5an66J5JZC62NewG+mK49jOCtQew==",
      "dependencies": [
        "chardet",
        "iconv-lite",
        "tmp"
      ]
    },
    "fast-glob@3.3.3": {
      "integrity": "sha512-7MptL8U0cqcFdzIzwOTHoilX9x5BrNqye7Z/LuC7kCMRio1EMSyqRK3BEAUD7sXRq4iT4AzTVuZdhgQ2TCvYLg==",
      "dependencies": [
        "@nodelib/fs.stat",
        "@nodelib/fs.walk",
        "glob-parent",
        "merge2",
        "micromatch"
      ]
    },
    "fastq@1.19.0": {
      "integrity": "sha512-7SFSRCNjBQIZH/xZR3iy5iQYR8aGBE0h3VG6/cwlbrpdciNYBMotQav8c1XI3HjHH+NikUpP53nPdlZSdWmFzA==",
      "dependencies": [
        "reusify"
      ]
    },
    "fill-range@7.1.1": {
      "integrity": "sha512-YsGpe3WHLK8ZYi4tWDg2Jy3ebRz2rXowDxnld4bkQB00cc/1Zw9AWnC0i9ztDJitivtQvaI9KaLyKrc+hBW0yg==",
      "dependencies": [
        "to-regex-range"
      ]
    },
    "find-up@4.1.0": {
      "integrity": "sha512-PpOwAdQ/YlXQ2vj8a3h8IipDuYRi3wceVQQGYWxNINccq40Anw7BlsEXCMbt1Zt+OLA6Fq9suIpIWD0OsnISlw==",
      "dependencies": [
        "locate-path",
        "path-exists"
      ]
    },
    "fs-extra@7.0.1": {
      "integrity": "sha512-YJDaCJZEnBmcbw13fvdAM9AwNOJwOzrE4pqMqBq5nFiEqXUqHwlK4B+3pUw6JNvfSPtX05xFHtYy/1ni01eGCw==",
      "dependencies": [
        "graceful-fs",
        "jsonfile",
        "universalify"
      ]
    },
    "fs-extra@8.1.0": {
      "integrity": "sha512-yhlQgA6mnOJUKOsRUFsgJdQCvkKhcz8tlZG5HBQfReYZy46OwLcY+Zia0mtdHsOo9y/hP+CxMN0TU9QxoOtG4g==",
      "dependencies": [
        "graceful-fs",
        "jsonfile",
        "universalify"
      ]
    },
    "glob-parent@5.1.2": {
      "integrity": "sha512-AOIgSQCepiJYwP3ARnGx+5VnTu2HBYdzbGP45eLw1vr3zB3vZLeyed1sC9hnbcOc9/SrMyM5RPQrkGz4aS9Zow==",
      "dependencies": [
        "is-glob"
      ]
    },
    "globby@11.1.0": {
      "integrity": "sha512-jhIXaOzy1sb8IyocaruWSn1TjmnBVs8Ayhcy83rmxNJ8q2uWKCAj3CnJY+KpGSXCueAPc0i05kVvVKtP1t9S3g==",
      "dependencies": [
        "array-union",
        "dir-glob",
        "fast-glob",
        "ignore",
        "merge2",
        "slash"
      ]
    },
    "graceful-fs@4.2.11": {
      "integrity": "sha512-RbJ5/jmFcNNCcDV5o9eTnBLJ/HszWV0P73bc+Ff4nS/rJj+YaS6IGyiOL0VoBYX+l1Wrl3k63h/KrH+nhJ0XvQ=="
    },
    "human-id@1.0.2": {
      "integrity": "sha512-UNopramDEhHJD+VR+ehk8rOslwSfByxPIZyJRfV739NDhN5LF1fa1MqnzKm2lGTQRjNrjK19Q5fhkgIfjlVUKw=="
    },
    "iconv-lite@0.4.24": {
      "integrity": "sha512-v3MXnZAcvnywkTUEZomIActle7RXXeedOR31wwl7VlyoXO4Qi9arvSenNQWne1TcRwhCL1HwLI21bEqdpj8/rA==",
      "dependencies": [
        "safer-buffer"
      ]
    },
    "ignore@5.3.2": {
      "integrity": "sha512-hsBTNUqQTDwkWtcdYI2i06Y/nUBEsNEDJKjWdigLvegy8kDuJAS8uRlpkkcQpyEXL0Z/pjDy5HBmMjRCJ2gq+g=="
    },
    "is-extglob@2.1.1": {
      "integrity": "sha512-SbKbANkN603Vi4jEZv49LeVJMn4yGwsbzZworEoyEiutsN3nJYdbO36zfhGJ6QEDpOZIFkDtnq5JRxmvl3jsoQ=="
    },
    "is-glob@4.0.3": {
      "integrity": "sha512-xelSayHH36ZgE7ZWhli7pW34hNbNl8Ojv5KVmkJD4hBdD3th8Tfk9vYasLM+mXWOZhFkgZfxhLSnrwRr4elSSg==",
      "dependencies": [
        "is-extglob"
      ]
    },
    "is-number@7.0.0": {
      "integrity": "sha512-41Cifkg6e8TylSpdtTpeLVMqvSBEVzTttHvERD741+pnZ8ANv0004MRL43QKPDlK9cGvNp6NZWZUBlbGXYxxng=="
    },
    "is-subdir@1.2.0": {
      "integrity": "sha512-2AT6j+gXe/1ueqbW6fLZJiIw3F8iXGJtt0yDrZaBhAZEG1raiTxKWU+IPqMCzQAXOUCKdA4UDMgacKH25XG2Cw==",
      "dependencies": [
        "better-path-resolve"
      ]
    },
    "is-windows@1.0.2": {
      "integrity": "sha512-eXK1UInq2bPmjyX6e3VHIzMLobc4J94i4AWn+Hpq3OU5KkrRC96OAcR3PRJ/pGu6m8TRnBHP9dkXQVsT/COVIA=="
    },
    "isexe@2.0.0": {
      "integrity": "sha512-RHxMLp9lnKHGHRng9QFhRCMbYAcVpn69smSGcq3f36xjgVVWThj4qqLbTLlq7Ssj8B+fIQ1EuCEGI2lKsyQeIw=="
    },
    "js-yaml@3.14.1": {
      "integrity": "sha512-okMH7OXXJ7YrN9Ok3/SXrnu4iX9yOk+25nqX4imS2npuvTYDmo/QEZoqwZkYaIDk3jVvBOTOIEgEhaLOynBS9g==",
      "dependencies": [
        "argparse",
        "esprima"
      ]
    },
    "jsonfile@4.0.0": {
      "integrity": "sha512-m6F1R3z8jjlf2imQHS2Qez5sjKWQzbuuhuJ/FKYFRZvPE3PuHcSMVZzfsLhGVOkfd20obL5SWEBew5ShlquNxg==",
      "dependencies": [
        "graceful-fs"
      ]
    },
    "locate-path@5.0.0": {
      "integrity": "sha512-t7hw9pI+WvuwNJXwk5zVHpyhIqzg2qTlklJOf0mVxGSbe3Fp2VieZcduNYjaLDoy6p9uGpQEGWG87WpMKlNq8g==",
      "dependencies": [
        "p-locate"
      ]
    },
    "lodash.startcase@4.4.0": {
      "integrity": "sha512-+WKqsK294HMSc2jEbNgpHpd0JfIBhp7rEV4aqXWqFr6AlXov+SlcgB1Fv01y2kGe3Gc8nMW7VA0SrGuSkRfIEg=="
    },
    "merge2@1.4.1": {
      "integrity": "sha512-8q7VEgMJW4J8tcfVPy8g09NcQwZdbwFEqhe/WZkoIzjn/3TGDwtOCYtXGxA3O8tPzpczCCDgv+P2P5y00ZJOOg=="
    },
    "micromatch@4.0.8": {
      "integrity": "sha512-PXwfBhYu0hBCPw8Dn0E+WDYb7af3dSLVWKi3HGv84IdF4TyFoC0ysxFd0Goxw7nSv4T/PzEJQxsYsEiFCKo2BA==",
      "dependencies": [
        "braces",
        "picomatch"
      ]
    },
    "mri@1.2.0": {
      "integrity": "sha512-tzzskb3bG8LvYGFF/mDTpq3jpI6Q9wc3LEmBaghu+DdCssd1FakN7Bc0hVNmEyGq1bq3RgfkCb3cmQLpNPOroA=="
    },
    "os-tmpdir@1.0.2": {
      "integrity": "sha512-D2FR03Vir7FIu45XBY20mTb+/ZSWB00sjU9jdQXt83gDrI4Ztz5Fs7/yy74g2N5SVQY4xY1qDr4rNddwYRVX0g=="
    },
    "outdent@0.5.0": {
      "integrity": "sha512-/jHxFIzoMXdqPzTaCpFzAAWhpkSjZPF4Vsn6jAfNpmbH/ymsmd7Qc6VE9BGn0L6YMj6uwpQLxCECpus4ukKS9Q=="
    },
    "p-filter@2.1.0": {
      "integrity": "sha512-ZBxxZ5sL2HghephhpGAQdoskxplTwr7ICaehZwLIlfL6acuVgZPm8yBNuRAFBGEqtD/hmUeq9eqLg2ys9Xr/yw==",
      "dependencies": [
        "p-map"
      ]
    },
    "p-limit@2.3.0": {
      "integrity": "sha512-//88mFWSJx8lxCzwdAABTJL2MyWB12+eIY7MDL2SqLmAkeKU9qxRvWuSyTjm3FUmpBEMuFfckAIqEaVGUDxb6w==",
      "dependencies": [
        "p-try"
      ]
    },
    "p-locate@4.1.0": {
      "integrity": "sha512-R79ZZ/0wAxKGu3oYMlz8jy/kbhsNrS7SKZ7PxEHBgJ5+F2mtFW2fK2cOtBh1cHYkQsbzFV7I+EoRKe6Yt0oK7A==",
      "dependencies": [
        "p-limit"
      ]
    },
    "p-map@2.1.0": {
      "integrity": "sha512-y3b8Kpd8OAN444hxfBbFfj1FY/RjtTd8tzYwhUqNYXx0fXx2iX4maP4Qr6qhIKbQXI02wTLAda4fYUbDagTUFw=="
    },
    "p-try@2.2.0": {
      "integrity": "sha512-R4nPAVTAU0B9D35/Gk3uJf/7XYbQcyohSKdvAxIRSNghFl4e71hVoGnBNQz9cWaXxO2I10KTC+3jMdvvoKw6dQ=="
    },
    "package-manager-detector@0.2.9": {
      "integrity": "sha512-+vYvA/Y31l8Zk8dwxHhL3JfTuHPm6tlxM2A3GeQyl7ovYnSp1+mzAxClxaOr0qO1TtPxbQxetI7v5XqKLJZk7Q=="
    },
    "path-exists@4.0.0": {
      "integrity": "sha512-ak9Qy5Q7jYb2Wwcey5Fpvg2KoAc/ZIhLSLOSBmRmygPsGwkVVt0fZa0qrtMz+m6tJTAHfZQ8FnmB4MG4LWy7/w=="
    },
    "path-key@3.1.1": {
      "integrity": "sha512-ojmeN0qd+y0jszEtoY48r0Peq5dwMEkIlCOu6Q5f41lfkswXuKtYrhgoTpLnyIcHm24Uhqx+5Tqm2InSwLhE6Q=="
    },
    "path-type@4.0.0": {
      "integrity": "sha512-gDKb8aZMDeD/tZWs9P6+q0J9Mwkdl6xMV8TjnGP3qJVJ06bdMgkbBlLU8IdfOsIsFz2BW1rNVT3XuNEl8zPAvw=="
    },
    "picocolors@1.1.1": {
      "integrity": "sha512-xceH2snhtb5M9liqDsmEw56le376mTZkEX/jEb/RxNFyegNul7eNslCXP9FDj/Lcu0X8KEyMceP2ntpaHrDEVA=="
    },
    "picomatch@2.3.1": {
      "integrity": "sha512-JU3teHTNjmE2VCGFzuY8EXzCDVwEqB2a8fsIvwaStHhAWJEeVd1o1QD80CU6+ZdEXXSLbSsuLwJjkCBWqRQUVA=="
    },
    "pify@4.0.1": {
      "integrity": "sha512-uB80kBFb/tfd68bVleG9T5GGsGPjJrLAUpR5PZIrhBnIaRTQRjqdJSsIKkOP6OAIFbj7GOrcudc5pNjZ+geV2g=="
    },
    "prettier@2.8.8": {
      "integrity": "sha512-tdN8qQGvNjw4CHbY+XXk0JgCXn9QiF21a55rBe5LJAU+kDyC4WQn4+awm2Xfk2lQMk5fKup9XgzTZtGkjBdP9Q=="
    },
    "queue-microtask@1.2.3": {
      "integrity": "sha512-NuaNSa6flKT5JaSYQzJok04JzTL1CA6aGhv5rfLW3PgqA+M2ChpZQnAC8h8i4ZFkBS8X5RqkDBHA7r4hej3K9A=="
    },
    "read-yaml-file@1.1.0": {
      "integrity": "sha512-VIMnQi/Z4HT2Fxuwg5KrY174U1VdUIASQVWXXyqtNRtxSr9IYkn1rsI6Tb6HsrHCmB7gVpNwX6JxPTHcH6IoTA==",
      "dependencies": [
        "graceful-fs",
        "js-yaml",
        "pify",
        "strip-bom"
      ]
    },
    "regenerator-runtime@0.14.1": {
      "integrity": "sha512-dYnhHh0nJoMfnkZs6GmmhFknAGRrLznOu5nc9ML+EJxGvrx6H7teuevqVqCuPcPK//3eDrrjQhehXVx9cnkGdw=="
    },
    "resolve-from@5.0.0": {
      "integrity": "sha512-qYg9KP24dD5qka9J47d0aVky0N+b4fTU89LN9iDnjB5waksiC49rvMB0PrUJQGoTmH50XPiqOvAjDfaijGxYZw=="
    },
    "reusify@1.0.4": {
      "integrity": "sha512-U9nH88a3fc/ekCF1l0/UP1IosiuIjyTh7hBvXVMHYgVcfGvt897Xguj2UOLDeI5BG2m7/uwyaLVT6fbtCwTyzw=="
    },
    "run-parallel@1.2.0": {
      "integrity": "sha512-5l4VyZR86LZ/lDxZTR6jqL8AFE2S0IFLMP26AbjsLVADxHdhB/c0GUsH+y39UfCi3dzz8OlQuPmnaJOMoDHQBA==",
      "dependencies": [
        "queue-microtask"
      ]
    },
    "safer-buffer@2.1.2": {
      "integrity": "sha512-YZo3K82SD7Riyi0E1EQPojLz7kpepnSQI9IyPbHHg1XXXevb5dJI7tpyN2ADxGcQbHG7vcyRHk0cbwqcQriUtg=="
    },
    "semver@7.7.1": {
      "integrity": "sha512-hlq8tAfn0m/61p4BVRcPzIGr6LKiMwo4VM6dGi6pt4qcRkmNzTcWq6eCEjEh+qXjkMDvPlOFFSGwQjoEa6gyMA=="
    },
    "shebang-command@2.0.0": {
      "integrity": "sha512-kHxr2zZpYtdmrN1qDjrrX/Z1rR1kG8Dx+gkpK1G4eXmvXswmcE1hTWBWYUzlraYw1/yZp6YuDY77YtvbN0dmDA==",
      "dependencies": [
        "shebang-regex"
      ]
    },
    "shebang-regex@3.0.0": {
      "integrity": "sha512-7++dFhtcx3353uBaq8DDR4NuxBetBzC7ZQOhmTQInHEd6bSrXdiEyzCvG07Z44UYdLShWUyXt5M/yhz8ekcb1A=="
    },
    "signal-exit@4.1.0": {
      "integrity": "sha512-bzyZ1e88w9O1iNJbKnOlvYTrWPDl46O1bG0D3XInv+9tkPrxrN8jUUTiFlDkkmKWgn1M6CfIA13SuGqOa9Korw=="
    },
    "slash@3.0.0": {
      "integrity": "sha512-g9Q1haeby36OSStwb4ntCGGGaKsaVSjQ68fBxoQcutl5fS1vuY18H3wSt3jFyFtrkx+Kz0V1G85A4MyAdDMi2Q=="
    },
    "spawndamnit@3.0.1": {
      "integrity": "sha512-MmnduQUuHCoFckZoWnXsTg7JaiLBJrKFj9UI2MbRPGaJeVpsLcVBu6P/IGZovziM/YBsellCmsprgNA+w0CzVg==",
      "dependencies": [
        "cross-spawn",
        "signal-exit"
      ]
    },
    "sprintf-js@1.0.3": {
      "integrity": "sha512-D9cPgkvLlV3t3IzL0D0YLvGA9Ahk4PcvVwUbN0dSGr1aP0Nrt4AEnTUbuGvquEC0mA64Gqt1fzirlRs5ibXx8g=="
    },
    "strip-ansi@6.0.1": {
      "integrity": "sha512-Y38VPSHcqkFrCpFnQ9vuSXmquuv5oXOKpGeT6aGrr3o3Gc9AlVa6JBfUSOCnbxGGZF+/0ooI7KrPuUSztUdU5A==",
      "dependencies": [
        "ansi-regex"
      ]
    },
    "strip-bom@3.0.0": {
      "integrity": "sha512-vavAMRXOgBVNF6nyEEmL3DBK19iRpDcoIwW+swQ+CbGiu7lju6t+JklA1MHweoWtadgt4ISVUsXLyDq34ddcwA=="
    },
    "term-size@2.2.1": {
      "integrity": "sha512-wK0Ri4fOGjv/XPy8SBHZChl8CM7uMc5VML7SqiQ0zG7+J5Vr+RMQDoHa2CNT6KHUnTGIXH34UDMkPzAUyapBZg=="
    },
    "tmp@0.0.33": {
      "integrity": "sha512-jRCJlojKnZ3addtTOjdIqoRuPEKBvNXcGYqzO6zWZX8KfKEpnGY5jfggJQ3EjKuu8D4bJRr0y+cYJFmYbImXGw==",
      "dependencies": [
        "os-tmpdir"
      ]
    },
    "to-regex-range@5.0.1": {
      "integrity": "sha512-65P7iz6X5yEr1cwcgvQxbbIw7Uk3gOy5dIdtZ4rDveLqhrdJP+Li/Hx6tyK0NEb+2GCyneCMJiGqrADCSNk8sQ==",
      "dependencies": [
        "is-number"
      ]
    },
    "universalify@0.1.2": {
      "integrity": "sha512-rBJeI5CXAlmy1pV+617WB9J63U6XcazHHF2f2dbJix4XzpUF0RS3Zbj0FGIOCAva5P/d/GBOYaACQ1w+0azUkg=="
    },
    "which@2.0.2": {
      "integrity": "sha512-BLI3Tl1TW3Pvl70l3yq3Y64i+awpwXqsGBYWkkqMtnbXgrMD+yj7rhW0kuEDxzJaYXGjEW5ogapKNMEKNMjibA==",
      "dependencies": [
        "isexe"
      ]
    }
  },
  "redirects": {
    "https://esm.sh/@types/uuid@~8.3.4/index.d.mts": "https://esm.sh/@types/uuid@8.3.4/index.d.mts",
    "https://esm.sh/detect-europe-js@^0.1.2?target=denonext": "https://esm.sh/detect-europe-js@0.1.2?target=denonext",
    "https://esm.sh/fetch-blob@^3.1.2/file?target=denonext": "https://esm.sh/fetch-blob@3.2.0/file?target=denonext",
    "https://esm.sh/fetch-blob@^3.1.2?target=denonext": "https://esm.sh/fetch-blob@3.2.0?target=denonext",
    "https://esm.sh/ip3country@^5.0.0?target=denonext": "https://esm.sh/ip3country@5.0.1?target=denonext",
    "https://esm.sh/is-standalone-pwa@^0.1.1?target=denonext": "https://esm.sh/is-standalone-pwa@0.1.1?target=denonext",
    "https://esm.sh/node-domexception@^1.0.0?target=denonext": "https://esm.sh/node-domexception@1.0.0?target=denonext",
    "https://esm.sh/ua-is-frozen@^0.1.2?target=denonext": "https://esm.sh/ua-is-frozen@0.1.2?target=denonext",
    "https://esm.sh/ua-parser-js@^1.0.2?target=denonext": "https://esm.sh/ua-parser-js@1.0.40?target=denonext",
    "https://esm.sh/uuid@^8.3.2?target=denonext": "https://esm.sh/uuid@8.3.2?target=denonext",
    "https://esm.sh/web-streams-polyfill@^3.0.3/dist/ponyfill.es2018?target=denonext": "https://esm.sh/web-streams-polyfill@3.3.3/dist/ponyfill.es2018?target=denonext"
  },
  "remote": {
    "https://esm.sh/@bunny.net/edgescript-sdk@0.11.3": "4e714bf546d00d5af893ac4bc631bf12ea52fd062b10f56c1340ede4c2e7abfb",
    "https://esm.sh/@bunny.net/edgescript-sdk@0.11.3/denonext/edgescript-sdk.mjs": "1360a8f125cb582325b5c2e412e4b8bc749d1f9167223c21a3045f4304e09b09",
    "https://esm.sh/cookie@1.0.2": "04dabbcad7a7a96d841d6b21f00cb20191fb29339781237088d8edabad52df66",
    "https://esm.sh/cookie@1.0.2/denonext/cookie.mjs": "6c4f976d4d933ff2d7afc1f6ee7af134108c9858f5a2aadc6189084bd5972275",
    "https://esm.sh/detect-europe-js@0.1.2/denonext/detect-europe-js.mjs": "c2c673a3bdb69f1d6db005668eeeeb253543135c7ef203bfc286a49952cd94a9",
    "https://esm.sh/detect-europe-js@0.1.2?target=denonext": "f7be95fd847b99906ce53ee30e7e48f6029934a94501255160c2f7d4ef29d47d",
    "https://esm.sh/fetch-blob@3.2.0/denonext/fetch-blob.mjs": "4bdcafe41b058056f2b042b0cb8e1f2bc2fc780b1222e37b6e5aeeb19c806687",
    "https://esm.sh/fetch-blob@3.2.0/denonext/file.mjs": "82bf996a0cc9bdd31cf1901bcaafb09b66d31f09d8cf4828bd46173f915a066b",
    "https://esm.sh/fetch-blob@3.2.0/denonext/from.mjs": "e7eaabf5c0a700bc189be493d740056feaa81bf16b6e78c3c91909a7c0f9c248",
    "https://esm.sh/fetch-blob@3.2.0/file?target=denonext": "00c778591cf6287bac619bfee2b99f0dc4c54c94bcab5e27c84c9b7c3f7f430b",
    "https://esm.sh/fetch-blob@3.2.0/from.js": "aa91ebb7c56576b2ef4b65c1c609de98a0f3c51ec2dac0736bdf3ad09c07ffa0",
    "https://esm.sh/fetch-blob@3.2.0?target=denonext": "dc7a4665105c3a6c06b8e85d81155202ba301ab69a92c764a656d41dfea672b0",
    "https://esm.sh/formdata-polyfill@4.0.10/denonext/esm.min.mjs": "5d0902ccd41981d366e1f5e319acf57b0586f43a897a5e84ed5d4f17de6b25cc",
    "https://esm.sh/formdata-polyfill@4.0.10/esm.min.js": "1ac76051dd150f7e961b625426616a4cdabe1862a9916a18140fdcc8f19f9a7e",
    "https://esm.sh/ip3country@5.0.1/denonext/ip3country.mjs": "b70c87db45d352cdd425d0dadbc38dcc0dbfdde1ee749eddf142c49f047d9243",
    "https://esm.sh/ip3country@5.0.1?target=denonext": "de13ff4e225bf21d8b6ed9af371851624a99c5372d25e4a20cb917701f6b30ab",
    "https://esm.sh/is-standalone-pwa@0.1.1/denonext/is-standalone-pwa.mjs": "e1040a3d40404e784c2760b522ba44dd1efff05486682ee853f369a583a04e4a",
    "https://esm.sh/is-standalone-pwa@0.1.1?target=denonext": "1485dac4dad8c271ecdda672e5f235543f8e3eb2cc0dd9925b894d26e54a4cc2",
    "https://esm.sh/node-domexception@1.0.0/denonext/node-domexception.mjs": "138a09c22252f08c9fd6d535536fc542b73c50a8129ac1cc24fbc0c725950b66",
    "https://esm.sh/node-domexception@1.0.0?target=denonext": "3cfde0103fedc2864ddaa91b34410022312a0aa6f8f29058a5db10171e6690a7",
    "https://esm.sh/statsig-node@6.3.1": "e342213c23a0a79cebe892c3834b41221809dc204600560b68f4e88f88836e4c",
    "https://esm.sh/statsig-node@6.3.1/denonext/statsig-node.mjs": "3397c76594e5f2897287d466695ebb8bdf2d31fc93e0b3041ce09757410ee711",
    "https://esm.sh/ua-is-frozen@0.1.2/denonext/ua-is-frozen.mjs": "08d1f9ad7fe30c339c6a58a9fba27c6e4607b2a82af3f675f38ea55e57cd3543",
    "https://esm.sh/ua-is-frozen@0.1.2?target=denonext": "3475d49a62d69eefcf7414939556e8eacb7870e7e29b55e369fbf15468561a2b",
    "https://esm.sh/ua-parser-js@1.0.40/denonext/ua-parser-js.mjs": "17ed670abd80f61974321c4e765257f8e582a57daadba85009d45a0ea6d0e94e",
    "https://esm.sh/ua-parser-js@1.0.40?target=denonext": "cf7555b48e568a40f577bcf328873b5761212f236b99ceb45072a76e7d9ae259",
    "https://esm.sh/ua-parser-js@2.0.1": "0bebdb15bcb8e04971e81d04320f8c4a560aa4943e86fe3341850aaa80b61b64",
    "https://esm.sh/ua-parser-js@2.0.1/denonext/enums.mjs": "2d750025003ce60c4e527e2bd39ff84f9218bb870139b42b57ac1b8b40a983a8",
    "https://esm.sh/ua-parser-js@2.0.1/denonext/extensions.mjs": "bf80340330e3d965deab5e17dbb4678edfff6221bc5d7194acf8857cf7ffae0c",
    "https://esm.sh/ua-parser-js@2.0.1/denonext/helpers.mjs": "01171f73d26c225a409dae15c532cadc63f006bdab2d97036fba40a89bebf6ba",
    "https://esm.sh/ua-parser-js@2.0.1/denonext/ua-parser-js.mjs": "6a46e455fcd776ac2ac379ffd5cd7527fd62d140a6ff876eb2e4d06da92cc4cf",
    "https://esm.sh/ua-parser-js@2.0.1/helpers": "b941ac75919a7d72bf7c907c9381687d99cc0da3e1638d4a71b96d6964717a85",
    "https://esm.sh/uuid@8.3.2/denonext/uuid.mjs": "2a1f6d8cc7d16ed60b7e6aabcf79e0077244ffbd66b47c994041b15b13062cd3",
    "https://esm.sh/uuid@8.3.2?target=denonext": "b3f95c83a700f64bb21c0b138f56a4c28c338078a9ac8d7258b17c699caed85d",
    "https://esm.sh/web-streams-polyfill@3.3.3/denonext/dist/ponyfill.es2018.mjs": "473d1c07493a263e75fe0d863c2736e79b45d62d4828495dd808b798b0473ebf",
    "https://esm.sh/web-streams-polyfill@3.3.3/dist/ponyfill.es2018?target=denonext": "0a8b106eacb8559e1c137ff0fa424892b10d211df95b215bf790377add7147d4"
  },
  "workspace": {
    "packageJson": {
      "dependencies": [
        "npm:@changesets/cli@^2.26.2",
        "npm:esbuild@~0.24.2"
      ]
    }
  }
}
